
Microsoft Visual Studio Solution File, Format Version 12.00
# Visual Studio Version 17
VisualStudioVersion = 17.1.32328.378
MinimumVisualStudioVersion = 10.0.40219.1
Project("{9A19103F-16F7-4668-BE54-9A1E7A4F7556}") = "API", "API\API.csproj", "{E5B56499-149C-42FC-8FA4-0B34E81486CD}"
EndProject
Project("{9A19103F-16F7-4668-BE54-9A1E7A4F7556}") = "Domain", "Domain\Domain.csproj", "{AE7D9859-C0E0-4D3E-80EA-925BA9A8135F}"
EndProject
Project("{9A19103F-16F7-4668-BE54-9A1E7A4F7556}") = "Application", "Application\Application.csproj", "{6340BC2B-BB1C-4158-8159-9CAABA4BC35B}"
EndProject
Project("{9A19103F-16F7-4668-BE54-9A1E7A4F7556}") = "Persistence", "Persistence\Persistence.csproj", "{3EA13D47-42CB-4A54-A4BC-466B9C3A64C1}"
EndProject
Project("{9A19103F-16F7-4668-BE54-9A1E7A4F7556}") = "MegaGame.Test.Unit", "MegaGame.Test.Unit\MegaGame.Test.Unit.csproj", "{C8A730B5-66C1-40DC-A387-DA9B1EFAEE08}"
EndProject
Project("{FAE04EC0-301F-11D3-BF4B-00C04F79EFBC}") = "IdentityServer", "IdentityServer\IdentityServer.csproj", "{38EB3DD1-084E-4A3F-82DC-47616BBBCA36}"
EndProject
Global
	GlobalSection(SolutionConfigurationPlatforms) = preSolution
		Debug|Any CPU = Debug|Any CPU
		Release|Any CPU = Release|Any CPU
	EndGlobalSection
	GlobalSection(ProjectConfigurationPlatforms) = postSolution
		{E5B56499-149C-42FC-8FA4-0B34E81486CD}.Debug|Any CPU.ActiveCfg = Debug|Any CPU
		{E5B56499-149C-42FC-8FA4-0B34E81486CD}.Debug|Any CPU.Build.0 = Debug|Any CPU
		{E5B56499-149C-42FC-8FA4-0B34E81486CD}.Release|Any CPU.ActiveCfg = Release|Any CPU
		{E5B56499-149C-42FC-8FA4-0B34E81486CD}.Release|Any CPU.Build.0 = Release|Any CPU
		{AE7D9859-C0E0-4D3E-80EA-925BA9A8135F}.Debug|Any CPU.ActiveCfg = Debug|Any CPU
		{AE7D9859-C0E0-4D3E-80EA-925BA9A8135F}.Debug|Any CPU.Build.0 = Debug|Any CPU
		{AE7D9859-C0E0-4D3E-80EA-925BA9A8135F}.Release|Any CPU.ActiveCfg = Release|Any CPU
		{AE7D9859-C0E0-4D3E-80EA-925BA9A8135F}.Release|Any CPU.Build.0 = Release|Any CPU
		{6340BC2B-BB1C-4158-8159-9CAABA4BC35B}.Debug|Any CPU.ActiveCfg = Debug|Any CPU
		{6340BC2B-BB1C-4158-8159-9CAABA4BC35B}.Debug|Any CPU.Build.0 = Debug|Any CPU
		{6340BC2B-BB1C-4158-8159-9CAABA4BC35B}.Release|Any CPU.ActiveCfg = Release|Any CPU
		{6340BC2B-BB1C-4158-8159-9CAABA4BC35B}.Release|Any CPU.Build.0 = Release|Any CPU
		{3EA13D47-42CB-4A54-A4BC-466B9C3A64C1}.Debug|Any CPU.ActiveCfg = Debug|Any CPU
		{3EA13D47-42CB-4A54-A4BC-466B9C3A64C1}.Debug|Any CPU.Build.0 = Debug|Any CPU
		{3EA13D47-42CB-4A54-A4BC-466B9C3A64C1}.Release|Any CPU.ActiveCfg = Release|Any CPU
		{3EA13D47-42CB-4A54-A4BC-466B9C3A64C1}.Release|Any CPU.Build.0 = Release|Any CPU
		{C8A730B5-66C1-40DC-A387-DA9B1EFAEE08}.Debug|Any CPU.ActiveCfg = Debug|Any CPU
		{C8A730B5-66C1-40DC-A387-DA9B1EFAEE08}.Debug|Any CPU.Build.0 = Debug|Any CPU
		{C8A730B5-66C1-40DC-A387-DA9B1EFAEE08}.Release|Any CPU.ActiveCfg = Release|Any CPU
		{C8A730B5-66C1-40DC-A387-DA9B1EFAEE08}.Release|Any CPU.Build.0 = Release|Any CPU
		{38EB3DD1-084E-4A3F-82DC-47616BBBCA36}.Debug|Any CPU.ActiveCfg = Debug|Any CPU
		{38EB3DD1-084E-4A3F-82DC-47616BBBCA36}.Debug|Any CPU.Build.0 = Debug|Any CPU
		{38EB3DD1-084E-4A3F-82DC-47616BBBCA36}.Release|Any CPU.ActiveCfg = Release|Any CPU
		{38EB3DD1-084E-4A3F-82DC-47616BBBCA36}.Release|Any CPU.Build.0 = Release|Any CPU
	EndGlobalSection
	GlobalSection(SolutionProperties) = preSolution
		HideSolutionNode = FALSE
	EndGlobalSection
	GlobalSection(ExtensibilityGlobals) = postSolution
		SolutionGuid = {902D0D80-377B-420B-A9EE-691446F55444}
	EndGlobalSection
EndGlobal
